// !$*UTF8*$!
{
	archiveVersion = 1;
	classes = {
	};
	objectVersion = 48;
	objects = {

/* Begin PBXBuildFile section */
		AB550738200F6A4C00B02908 /* AppDelegate.swift in Sources */ = {isa = PBXBuildFile; fileRef = AB550737200F6A4C00B02908 /* AppDelegate.swift */; };
		AB55073D200F6A4C00B02908 /* Main.storyboard in Resources */ = {isa = PBXBuildFile; fileRef = AB55073B200F6A4C00B02908 /* Main.storyboard */; };
		AB55073F200F6A4C00B02908 /* Assets.xcassets in Resources */ = {isa = PBXBuildFile; fileRef = AB55073E200F6A4C00B02908 /* Assets.xcassets */; };
		AB550742200F6A4C00B02908 /* LaunchScreen.storyboard in Resources */ = {isa = PBXBuildFile; fileRef = AB550740200F6A4C00B02908 /* LaunchScreen.storyboard */; };
		AB55074D200F6A4C00B02908 /* Alttex_safeTests.swift in Sources */ = {isa = PBXBuildFile; fileRef = AB55074C200F6A4C00B02908 /* Alttex_safeTests.swift */; };
		AB550758200F6A4C00B02908 /* Alttex_safeUITests.swift in Sources */ = {isa = PBXBuildFile; fileRef = AB550757200F6A4C00B02908 /* Alttex_safeUITests.swift */; };
		AB550766200F6A9F00B02908 /* WalletsViewController.swift in Sources */ = {isa = PBXBuildFile; fileRef = AB550765200F6A9F00B02908 /* WalletsViewController.swift */; };
		AB550768200F6AC900B02908 /* WithdrawViewController.swift in Sources */ = {isa = PBXBuildFile; fileRef = AB550767200F6AC900B02908 /* WithdrawViewController.swift */; };
		AB55076A200F6AD800B02908 /* NewsViewController.swift in Sources */ = {isa = PBXBuildFile; fileRef = AB550769200F6AD800B02908 /* NewsViewController.swift */; };
		AB55076C200F6AFD00B02908 /* RefilViewController.swift in Sources */ = {isa = PBXBuildFile; fileRef = AB55076B200F6AFD00B02908 /* RefilViewController.swift */; };
		AB55076E200F6B1B00B02908 /* SettingsViewController.swift in Sources */ = {isa = PBXBuildFile; fileRef = AB55076D200F6B1B00B02908 /* SettingsViewController.swift */; };
/* End PBXBuildFile section */

/* Begin PBXContainerItemProxy section */
		AB550749200F6A4C00B02908 /* PBXContainerItemProxy */ = {
			isa = PBXContainerItemProxy;
			containerPortal = AB55072C200F6A4B00B02908 /* Project object */;
			proxyType = 1;
			remoteGlobalIDString = AB550733200F6A4C00B02908;
			remoteInfo = "Alttex safe";
		};
		AB550754200F6A4C00B02908 /* PBXContainerItemProxy */ = {
			isa = PBXContainerItemProxy;
			containerPortal = AB55072C200F6A4B00B02908 /* Project object */;
			proxyType = 1;
			remoteGlobalIDString = AB550733200F6A4C00B02908;
			remoteInfo = "Alttex safe";
		};
/* End PBXContainerItemProxy section */

/* Begin PBXFileReference section */
		AB550734200F6A4C00B02908 /* Alttex safe.app */ = {isa = PBXFileReference; explicitFileType = wrapper.application; includeInIndex = 0; path = "Alttex safe.app"; sourceTree = BUILT_PRODUCTS_DIR; };
		AB550737200F6A4C00B02908 /* AppDelegate.swift */ = {isa = PBXFileReference; lastKnownFileType = sourcecode.swift; path = AppDelegate.swift; sourceTree = "<group>"; };
		AB55073C200F6A4C00B02908 /* Base */ = {isa = PBXFileReference; lastKnownFileType = file.storyboard; name = Base; path = Base.lproj/Main.storyboard; sourceTree = "<group>"; };
		AB55073E200F6A4C00B02908 /* Assets.xcassets */ = {isa = PBXFileReference; lastKnownFileType = folder.assetcatalog; path = Assets.xcassets; sourceTree = "<group>"; };
		AB550741200F6A4C00B02908 /* Base */ = {isa = PBXFileReference; lastKnownFileType = file.storyboard; name = Base; path = Base.lproj/LaunchScreen.storyboard; sourceTree = "<group>"; };
		AB550743200F6A4C00B02908 /* Info.plist */ = {isa = PBXFileReference; lastKnownFileType = text.plist.xml; path = Info.plist; sourceTree = "<group>"; };
		AB550748200F6A4C00B02908 /* Alttex safeTests.xctest */ = {isa = PBXFileReference; explicitFileType = wrapper.cfbundle; includeInIndex = 0; path = "Alttex safeTests.xctest"; sourceTree = BUILT_PRODUCTS_DIR; };
		AB55074C200F6A4C00B02908 /* Alttex_safeTests.swift */ = {isa = PBXFileReference; lastKnownFileType = sourcecode.swift; path = Alttex_safeTests.swift; sourceTree = "<group>"; };
		AB55074E200F6A4C00B02908 /* Info.plist */ = {isa = PBXFileReference; lastKnownFileType = text.plist.xml; path = Info.plist; sourceTree = "<group>"; };
		AB550753200F6A4C00B02908 /* Alttex safeUITests.xctest */ = {isa = PBXFileReference; explicitFileType = wrapper.cfbundle; includeInIndex = 0; path = "Alttex safeUITests.xctest"; sourceTree = BUILT_PRODUCTS_DIR; };
		AB550757200F6A4C00B02908 /* Alttex_safeUITests.swift */ = {isa = PBXFileReference; lastKnownFileType = sourcecode.swift; path = Alttex_safeUITests.swift; sourceTree = "<group>"; };
		AB550759200F6A4D00B02908 /* Info.plist */ = {isa = PBXFileReference; lastKnownFileType = text.plist.xml; path = Info.plist; sourceTree = "<group>"; };
		AB550765200F6A9F00B02908 /* WalletsViewController.swift */ = {isa = PBXFileReference; lastKnownFileType = sourcecode.swift; path = WalletsViewController.swift; sourceTree = "<group>"; };
		AB550767200F6AC900B02908 /* WithdrawViewController.swift */ = {isa = PBXFileReference; lastKnownFileType = sourcecode.swift; path = WithdrawViewController.swift; sourceTree = "<group>"; };
		AB550769200F6AD800B02908 /* NewsViewController.swift */ = {isa = PBXFileReference; lastKnownFileType = sourcecode.swift; path = NewsViewController.swift; sourceTree = "<group>"; };
		AB55076B200F6AFD00B02908 /* RefilViewController.swift */ = {isa = PBXFileReference; lastKnownFileType = sourcecode.swift; path = RefilViewController.swift; sourceTree = "<group>"; };
		AB55076D200F6B1B00B02908 /* SettingsViewController.swift */ = {isa = PBXFileReference; lastKnownFileType = sourcecode.swift; path = SettingsViewController.swift; sourceTree = "<group>"; };
/* End PBXFileReference section */

/* Begin PBXFrameworksBuildPhase section */
		AB550731200F6A4C00B02908 /* Frameworks */ = {
			isa = PBXFrameworksBuildPhase;
			buildActionMask = 2147483647;
			files = (
			);
			runOnlyForDeploymentPostprocessing = 0;
		};
		AB550745200F6A4C00B02908 /* Frameworks */ = {
			isa = PBXFrameworksBuildPhase;
			buildActionMask = 2147483647;
			files = (
			);
			runOnlyForDeploymentPostprocessing = 0;
		};
		AB550750200F6A4C00B02908 /* Frameworks */ = {
			isa = PBXFrameworksBuildPhase;
			buildActionMask = 2147483647;
			files = (
			);
			runOnlyForDeploymentPostprocessing = 0;
		};
/* End PBXFrameworksBuildPhase section */

/* Begin PBXGroup section */
		AB55072B200F6A4B00B02908 = {
			isa = PBXGroup;
			children = (
				AB550736200F6A4C00B02908 /* Alttex safe */,
				AB55074B200F6A4C00B02908 /* Alttex safeTests */,
				AB550756200F6A4C00B02908 /* Alttex safeUITests */,
				AB550735200F6A4C00B02908 /* Products */,
			);
			sourceTree = "<group>";
		};
		AB550735200F6A4C00B02908 /* Products */ = {
			isa = PBXGroup;
			children = (
				AB550734200F6A4C00B02908 /* Alttex safe.app */,
				AB550748200F6A4C00B02908 /* Alttex safeTests.xctest */,
				AB550753200F6A4C00B02908 /* Alttex safeUITests.xctest */,
			);
			name = Products;
			sourceTree = "<group>";
		};
		AB550736200F6A4C00B02908 /* Alttex safe */ = {
			isa = PBXGroup;
			children = (
				AB550737200F6A4C00B02908 /* AppDelegate.swift */,
				AB550765200F6A9F00B02908 /* WalletsViewController.swift */,
				AB55076B200F6AFD00B02908 /* RefilViewController.swift */,
				AB55076D200F6B1B00B02908 /* SettingsViewController.swift */,
				AB550769200F6AD800B02908 /* NewsViewController.swift */,
				AB550767200F6AC900B02908 /* WithdrawViewController.swift */,
				AB55073B200F6A4C00B02908 /* Main.storyboard */,
				AB55073E200F6A4C00B02908 /* Assets.xcassets */,
				AB550740200F6A4C00B02908 /* LaunchScreen.storyboard */,
				AB550743200F6A4C00B02908 /* Info.plist */,
			);
			path = "Alttex safe";
			sourceTree = "<group>";
		};
		AB55074B200F6A4C00B02908 /* Alttex safeTests */ = {
			isa = PBXGroup;
			children = (
				AB55074C200F6A4C00B02908 /* Alttex_safeTests.swift */,
				AB55074E200F6A4C00B02908 /* Info.plist */,
			);
			path = "Alttex safeTests";
			sourceTree = "<group>";
		};
		AB550756200F6A4C00B02908 /* Alttex safeUITests */ = {
			isa = PBXGroup;
			children = (
				AB550757200F6A4C00B02908 /* Alttex_safeUITests.swift */,
				AB550759200F6A4D00B02908 /* Info.plist */,
			);
			path = "Alttex safeUITests";
			sourceTree = "<group>";
		};
/* End PBXGroup section */

/* Begin PBXNativeTarget section */
		AB550733200F6A4C00B02908 /* Alttex safe */ = {
			isa = PBXNativeTarget;
			buildConfigurationList = AB55075C200F6A4D00B02908 /* Build configuration list for PBXNativeTarget "Alttex safe" */;
			buildPhases = (
				AB550730200F6A4C00B02908 /* Sources */,
				AB550731200F6A4C00B02908 /* Frameworks */,
				AB550732200F6A4C00B02908 /* Resources */,
			);
			buildRules = (
			);
			dependencies = (
			);
			name = "Alttex safe";
			productName = "Alttex safe";
			productReference = AB550734200F6A4C00B02908 /* Alttex safe.app */;
			productType = "com.apple.product-type.application";
		};
		AB550747200F6A4C00B02908 /* Alttex safeTests */ = {
			isa = PBXNativeTarget;
			buildConfigurationList = AB55075F200F6A4D00B02908 /* Build configuration list for PBXNativeTarget "Alttex safeTests" */;
			buildPhases = (
				AB550744200F6A4C00B02908 /* Sources */,
				AB550745200F6A4C00B02908 /* Frameworks */,
				AB550746200F6A4C00B02908 /* Resources */,
			);
			buildRules = (
			);
			dependencies = (
				AB55074A200F6A4C00B02908 /* PBXTargetDependency */,
			);
			name = "Alttex safeTests";
			productName = "Alttex safeTests";
			productReference = AB550748200F6A4C00B02908 /* Alttex safeTests.xctest */;
			productType = "com.apple.product-type.bundle.unit-test";
		};
		AB550752200F6A4C00B02908 /* Alttex safeUITests */ = {
			isa = PBXNativeTarget;
			buildConfigurationList = AB550762200F6A4D00B02908 /* Build configuration list for PBXNativeTarget "Alttex safeUITests" */;
			buildPhases = (
				AB55074F200F6A4C00B02908 /* Sources */,
				AB550750200F6A4C00B02908 /* Frameworks */,
				AB550751200F6A4C00B02908 /* Resources */,
			);
			buildRules = (
			);
			dependencies = (
				AB550755200F6A4C00B02908 /* PBXTargetDependency */,
			);
			name = "Alttex safeUITests";
			productName = "Alttex safeUITests";
			productReference = AB550753200F6A4C00B02908 /* Alttex safeUITests.xctest */;
			productType = "com.apple.product-type.bundle.ui-testing";
		};
/* End PBXNativeTarget section */

/* Begin PBXProject section */
		AB55072C200F6A4B00B02908 /* Project object */ = {
			isa = PBXProject;
			attributes = {
				LastSwiftUpdateCheck = 0900;
				LastUpgradeCheck = 0900;
				ORGANIZATIONNAME = "Vlad Kovryzhenko";
				TargetAttributes = {
					AB550733200F6A4C00B02908 = {
						CreatedOnToolsVersion = 9.0.1;
						ProvisioningStyle = Automatic;
					};
					AB550747200F6A4C00B02908 = {
						CreatedOnToolsVersion = 9.0.1;
						ProvisioningStyle = Automatic;
						TestTargetID = AB550733200F6A4C00B02908;
					};
					AB550752200F6A4C00B02908 = {
						CreatedOnToolsVersion = 9.0.1;
						ProvisioningStyle = Automatic;
						TestTargetID = AB550733200F6A4C00B02908;
					};
				};
			};
			buildConfigurationList = AB55072F200F6A4B00B02908 /* Build configuration list for PBXProject "Alttex safe" */;
			compatibilityVersion = "Xcode 8.0";
			developmentRegion = en;
			hasScannedForEncodings = 0;
			knownRegions = (
				en,
				Base,
			);
			mainGroup = AB55072B200F6A4B00B02908;
			productRefGroup = AB550735200F6A4C00B02908 /* Products */;
			projectDirPath = "";
			projectRoot = "";
			targets = (
				AB550733200F6A4C00B02908 /* Alttex safe */,
				AB550747200F6A4C00B02908 /* Alttex safeTests */,
				AB550752200F6A4C00B02908 /* Alttex safeUITests */,
			);
		};
/* End PBXProject section */

/* Begin PBXResourcesBuildPhase section */
		AB550732200F6A4C00B02908 /* Resources */ = {
			isa = PBXResourcesBuildPhase;
			buildActionMask = 2147483647;
			files = (
				AB550742200F6A4C00B02908 /* LaunchScreen.storyboard in Resources */,
				AB55073F200F6A4C00B02908 /* Assets.xcassets in Resources */,
				AB55073D200F6A4C00B02908 /* Main.storyboard in Resources */,
			);
			runOnlyForDeploymentPostprocessing = 0;
		};
		AB550746200F6A4C00B02908 /* Resources */ = {
			isa = PBXResourcesBuildPhase;
			buildActionMask = 2147483647;
			files = (
			);
			runOnlyForDeploymentPostprocessing = 0;
		};
		AB550751200F6A4C00B02908 /* Resources */ = {
			isa = PBXResourcesBuildPhase;
			buildActionMask = 2147483647;
			files = (
			);
			runOnlyForDeploymentPostprocessing = 0;
		};
/* End PBXResourcesBuildPhase section */

/* Begin PBXSourcesBuildPhase section */
		AB550730200F6A4C00B02908 /* Sources */ = {
			isa = PBXSourcesBuildPhase;
			buildActionMask = 2147483647;
			files = (
				AB55076C200F6AFD00B02908 /* RefilViewController.swift in Sources */,
				AB550766200F6A9F00B02908 /* WalletsViewController.swift in Sources */,
				AB550768200F6AC900B02908 /* WithdrawViewController.swift in Sources */,
				AB550738200F6A4C00B02908 /* AppDelegate.swift in Sources */,
				AB55076A200F6AD800B02908 /* NewsViewController.swift in Sources */,
				AB55076E200F6B1B00B02908 /* SettingsViewController.swift in Sources */,
			);
			runOnlyForDeploymentPostprocessing = 0;
		};
		AB550744200F6A4C00B02908 /* Sources */ = {
			isa = PBXSourcesBuildPhase;
			buildActionMask = 2147483647;
			files = (
				AB55074D200F6A4C00B02908 /* Alttex_safeTests.swift in Sources */,
			);
			runOnlyForDeploymentPostprocessing = 0;
		};
		AB55074F200F6A4C00B02908 /* Sources */ = {
			isa = PBXSourcesBuildPhase;
			buildActionMask = 2147483647;
			files = (
				AB550758200F6A4C00B02908 /* Alttex_safeUITests.swift in Sources */,
			);
			runOnlyForDeploymentPostprocessing = 0;
		};
/* End PBXSourcesBuildPhase section */

/* Begin PBXTargetDependency section */
		AB55074A200F6A4C00B02908 /* PBXTargetDependency */ = {
			isa = PBXTargetDependency;
			target = AB550733200F6A4C00B02908 /* Alttex safe */;
			targetProxy = AB550749200F6A4C00B02908 /* PBXContainerItemProxy */;
		};
		AB550755200F6A4C00B02908 /* PBXTargetDependency */ = {
			isa = PBXTargetDependency;
			target = AB550733200F6A4C00B02908 /* Alttex safe */;
			targetProxy = AB550754200F6A4C00B02908 /* PBXContainerItemProxy */;
		};
/* End PBXTargetDependency section */

/* Begin PBXVariantGroup section */
		AB55073B200F6A4C00B02908 /* Main.storyboard */ = {
			isa = PBXVariantGroup;
			children = (
				AB55073C200F6A4C00B02908 /* Base */,
			);
			name = Main.storyboard;
			sourceTree = "<group>";
		};
		AB550740200F6A4C00B02908 /* LaunchScreen.storyboard */ = {
			isa = PBXVariantGroup;
			children = (
				AB550741200F6A4C00B02908 /* Base */,
			);
			name = LaunchScreen.storyboard;
			sourceTree = "<group>";
		};
/* End PBXVariantGroup section */

/* Begin XCBuildConfiguration section */
		AB55075A200F6A4D00B02908 /* Debug */ = {
			isa = XCBuildConfiguration;
			buildSettings = {
				ALWAYS_SEARCH_USER_PATHS = NO;
				CLANG_ANALYZER_NONNULL = YES;
				CLANG_ANALYZER_NUMBER_OBJECT_CONVERSION = YES_AGGRESSIVE;
				CLANG_CXX_LANGUAGE_STANDARD = "gnu++14";
				CLANG_CXX_LIBRARY = "libc++";
				CLANG_ENABLE_MODULES = YES;
				CLANG_ENABLE_OBJC_ARC = YES;
				CLANG_WARN_BLOCK_CAPTURE_AUTORELEASING = YES;
				CLANG_WARN_BOOL_CONVERSION = YES;
				CLANG_WARN_COMMA = YES;
				CLANG_WARN_CONSTANT_CONVERSION = YES;
				CLANG_WARN_DIRECT_OBJC_ISA_USAGE = YES_ERROR;
				CLANG_WARN_DOCUMENTATION_COMMENTS = YES;
				CLANG_WARN_EMPTY_BODY = YES;
				CLANG_WARN_ENUM_CONVERSION = YES;
				CLANG_WARN_INFINITE_RECURSION = YES;
				CLANG_WARN_INT_CONVERSION = YES;
				CLANG_WARN_NON_LITERAL_NULL_CONVERSION = YES;
				CLANG_WARN_OBJC_LITERAL_CONVERSION = YES;
				CLANG_WARN_OBJC_ROOT_CLASS = YES_ERROR;
				CLANG_WARN_RANGE_LOOP_ANALYSIS = YES;
				CLANG_WARN_STRICT_PROTOTYPES = YES;
				CLANG_WARN_SUSPICIOUS_MOVE = YES;
				CLANG_WARN_UNGUARDED_AVAILABILITY = YES_AGGRESSIVE;
				CLANG_WARN_UNREACHABLE_CODE = YES;
				CLANG_WARN__DUPLICATE_METHOD_MATCH = YES;
				CODE_SIGN_IDENTITY = "iPhone Developer";
				COPY_PHASE_STRIP = NO;
				DEBUG_INFORMATION_FORMAT = dwarf;
				ENABLE_STRICT_OBJC_MSGSEND = YES;
				ENABLE_TESTABILITY = YES;
				GCC_C_LANGUAGE_STANDARD = gnu11;
				GCC_DYNAMIC_NO_PIC = NO;
				GCC_NO_COMMON_BLOCKS = YES;
				GCC_OPTIMIZATION_LEVEL = 0;
				GCC_PREPROCESSOR_DEFINITIONS = (
					"DEBUG=1",
					"$(inherited)",
				);
				GCC_WARN_64_TO_32_BIT_CONVERSION = YES;
				GCC_WARN_ABOUT_RETURN_TYPE = YES_ERROR;
				GCC_WARN_UNDECLARED_SELECTOR = YES;
				GCC_WARN_UNINITIALIZED_AUTOS = YES_AGGRESSIVE;
				GCC_WARN_UNUSED_FUNCTION = YES;
				GCC_WARN_UNUSED_VARIABLE = YES;
				IPHONEOS_DEPLOYMENT_TARGET = 11.0;
				MTL_ENABLE_DEBUG_INFO = YES;
				ONLY_ACTIVE_ARCH = YES;
				SDKROOT = iphoneos;
				SWIFT_ACTIVE_COMPILATION_CONDITIONS = DEBUG;
				SWIFT_OPTIMIZATION_LEVEL = "-Onone";
			};
			name = Debug;
		};
		AB55075B200F6A4D00B02908 /* Release */ = {
			isa = XCBuildConfiguration;
			buildSettings = {
				ALWAYS_SEARCH_USER_PATHS = NO;
				CLANG_ANALYZER_NONNULL = YES;
				CLANG_ANALYZER_NUMBER_OBJECT_CONVERSION = YES_AGGRESSIVE;
				CLANG_CXX_LANGUAGE_STANDARD = "gnu++14";
				CLANG_CXX_LIBRARY = "libc++";
				CLANG_ENABLE_MODULES = YES;
				CLANG_ENABLE_OBJC_ARC = YES;
				CLANG_WARN_BLOCK_CAPTURE_AUTORELEASING = YES;
				CLANG_WARN_BOOL_CONVERSION = YES;
				CLANG_WARN_COMMA = YES;
				CLANG_WARN_CONSTANT_CONVERSION = YES;
				CLANG_WARN_DIRECT_OBJC_ISA_USAGE = YES_ERROR;
				CLANG_WARN_DOCUMENTATION_COMMENTS = YES;
				CLANG_WARN_EMPTY_BODY = YES;
				CLANG_WARN_ENUM_CONVERSION = YES;
				CLANG_WARN_INFINITE_RECURSION = YES;
				CLANG_WARN_INT_CONVERSION = YES;
				CLANG_WARN_NON_LITERAL_NULL_CONVERSION = YES;
				CLANG_WARN_OBJC_LITERAL_CONVERSION = YES;
				CLANG_WARN_OBJC_ROOT_CLASS = YES_ERROR;
				CLANG_WARN_RANGE_LOOP_ANALYSIS = YES;
				CLANG_WARN_STRICT_PROTOTYPES = YES;
				CLANG_WARN_SUSPICIOUS_MOVE = YES;
				CLANG_WARN_UNGUARDED_AVAILABILITY = YES_AGGRESSIVE;
				CLANG_WARN_UNREACHABLE_CODE = YES;
				CLANG_WARN__DUPLICATE_METHOD_MATCH = YES;
				CODE_SIGN_IDENTITY = "iPhone Developer";
				COPY_PHASE_STRIP = NO;
				DEBUG_INFORMATION_FORMAT = "dwarf-with-dsym";
				ENABLE_NS_ASSERTIONS = NO;
				ENABLE_STRICT_OBJC_MSGSEND = YES;
				GCC_C_LANGUAGE_STANDARD = gnu11;
				GCC_NO_COMMON_BLOCKS = YES;
				GCC_WARN_64_TO_32_BIT_CONVERSION = YES;
				GCC_WARN_ABOUT_RETURN_TYPE = YES_ERROR;
				GCC_WARN_UNDECLARED_SELECTOR = YES;
				GCC_WARN_UNINITIALIZED_AUTOS = YES_AGGRESSIVE;
				GCC_WARN_UNUSED_FUNCTION = YES;
				GCC_WARN_UNUSED_VARIABLE = YES;
				IPHONEOS_DEPLOYMENT_TARGET = 11.0;
				MTL_ENABLE_DEBUG_INFO = NO;
				SDKROOT = iphoneos;
				SWIFT_OPTIMIZATION_LEVEL = "-Owholemodule";
				VALIDATE_PRODUCT = YES;
			};
			name = Release;
		};
		AB55075D200F6A4D00B02908 /* Debug */ = {
			isa = XCBuildConfiguration;
			buildSettings = {
				ASSETCATALOG_COMPILER_APPICON_NAME = AppIcon;
				CODE_SIGN_STYLE = Automatic;
				DEVELOPMENT_TEAM = G8S6X8B5D2;
				INFOPLIST_FILE = "Alttex safe/Info.plist";
				LD_RUNPATH_SEARCH_PATHS = "$(inherited) @executable_path/Frameworks";
				PRODUCT_BUNDLE_IDENTIFIER = "MadeInHeaven.Alttex-safe";
				PRODUCT_NAME = "$(TARGET_NAME)";
				SWIFT_VERSION = 4.0;
				TARGETED_DEVICE_FAMILY = "1,2";
			};
			name = Debug;
		};
		AB55075E200F6A4D00B02908 /* Release */ = {
			isa = XCBuildConfiguration;
			buildSettings = {
				ASSETCATALOG_COMPILER_APPICON_NAME = AppIcon;
				CODE_SIGN_STYLE = Automatic;
				DEVELOPMENT_TEAM = G8S6X8B5D2;
				INFOPLIST_FILE = "Alttex safe/Info.plist";
				LD_RUNPATH_SEARCH_PATHS = "$(inherited) @executable_path/Frameworks";
				PRODUCT_BUNDLE_IDENTIFIER = "MadeInHeaven.Alttex-safe";
				PRODUCT_NAME = "$(TARGET_NAME)";
				SWIFT_VERSION = 4.0;
				TARGETED_DEVICE_FAMILY = "1,2";
			};
			name = Release;
		};
		AB550760200F6A4D00B02908 /* Debug */ = {
			isa = XCBuildConfiguration;
			buildSettings = {
				ALWAYS_EMBED_SWIFT_STANDARD_LIBRARIES = YES;
				BUNDLE_LOADER = "$(TEST_HOST)";
				CODE_SIGN_STYLE = Automatic;
				DEVELOPMENT_TEAM = G8S6X8B5D2;
				INFOPLIST_FILE = "Alttex safeTests/Info.plist";
				LD_RUNPATH_SEARCH_PATHS = "$(inherited) @executable_path/Frameworks @loader_path/Frameworks";
				PRODUCT_BUNDLE_IDENTIFIER = "MadeInHeaven.Alttex-safeTests";
				PRODUCT_NAME = "$(TARGET_NAME)";
				SWIFT_VERSION = 4.0;
				TARGETED_DEVICE_FAMILY = "1,2";
				TEST_HOST = "$(BUILT_PRODUCTS_DIR)/Alttex safe.app/Alttex safe";
			};
			name = Debug;
		};
		AB550761200F6A4D00B02908 /* Release */ = {
			isa = XCBuildConfiguration;
			buildSettings = {
				ALWAYS_EMBED_SWIFT_STANDARD_LIBRARIES = YES;
				BUNDLE_LOADER = "$(TEST_HOST)";
				CODE_SIGN_STYLE = Automatic;
				DEVELOPMENT_TEAM = G8S6X8B5D2;
				INFOPLIST_FILE = "Alttex safeTests/Info.plist";
				LD_RUNPATH_SEARCH_PATHS = "$(inherited) @executable_path/Frameworks @loader_path/Frameworks";
				PRODUCT_BUNDLE_IDENTIFIER = "MadeInHeaven.Alttex-safeTests";
				PRODUCT_NAME = "$(TARGET_NAME)";
				SWIFT_VERSION = 4.0;
				TARGETED_DEVICE_FAMILY = "1,2";
				TEST_HOST = "$(BUILT_PRODUCTS_DIR)/Alttex safe.app/Alttex safe";
			};
			name = Release;
		};
		AB550763200F6A4D00B02908 /* Debug */ = {
			isa = XCBuildConfiguration;
			buildSettings = {
				ALWAYS_EMBED_SWIFT_STANDARD_LIBRARIES = YES;
				CODE_SIGN_STYLE = Automatic;
				DEVELOPMENT_TEAM = G8S6X8B5D2;
				INFOPLIST_FILE = "Alttex safeUITests/Info.plist";
				LD_RUNPATH_SEARCH_PATHS = "$(inherited) @executable_path/Frameworks @loader_path/Frameworks";
				PRODUCT_BUNDLE_IDENTIFIER = "MadeInHeaven.Alttex-safeUITests";
				PRODUCT_NAME = "$(TARGET_NAME)";
				SWIFT_VERSION = 4.0;
				TARGETED_DEVICE_FAMILY = "1,2";
				TEST_TARGET_NAME = "Alttex safe";
			};
			name = Debug;
		};
		AB550764200F6A4D00B02908 /* Release */ = {
			isa = XCBuildConfiguration;
			buildSettings = {
				ALWAYS_EMBED_SWIFT_STANDARD_LIBRARIES = YES;
				CODE_SIGN_STYLE = Automatic;
				DEVELOPMENT_TEAM = G8S6X8B5D2;
				INFOPLIST_FILE = "Alttex safeUITests/Info.plist";
				LD_RUNPATH_SEARCH_PATHS = "$(inherited) @executable_path/Frameworks @loader_path/Frameworks";
				PRODUCT_BUNDLE_IDENTIFIER = "MadeInHeaven.Alttex-safeUITests";
				PRODUCT_NAME = "$(TARGET_NAME)";
				SWIFT_VERSION = 4.0;
				TARGETED_DEVICE_FAMILY = "1,2";
				TEST_TARGET_NAME = "Alttex safe";
			};
			name = Release;
		};
/* End XCBuildConfiguration section */

/* Begin XCConfigurationList section */
		AB55072F200F6A4B00B02908 /* Build configuration list for PBXProject "Alttex safe" */ = {
			isa = XCConfigurationList;
			buildConfigurations = (
				AB55075A200F6A4D00B02908 /* Debug */,
				AB55075B200F6A4D00B02908 /* Release */,
			);
			defaultConfigurationIsVisible = 0;
			defaultConfigurationName = Release;
		};
		AB55075C200F6A4D00B02908 /* Build configuration list for PBXNativeTarget "Alttex safe" */ = {
			isa = XCConfigurationList;
			buildConfigurations = (
				AB55075D200F6A4D00B02908 /* Debug */,
				AB55075E200F6A4D00B02908 /* Release */,
			);
			defaultConfigurationIsVisible = 0;
			defaultConfigurationName = Release;
		};
		AB55075F200F6A4D00B02908 /* Build configuration list for PBXNativeTarget "Alttex safeTests" */ = {
			isa = XCConfigurationList;
			buildConfigurations = (
				AB550760200F6A4D00B02908 /* Debug */,
				AB550761200F6A4D00B02908 /* Release */,
			);
			defaultConfigurationIsVisible = 0;
			defaultConfigurationName = Release;
		};
		AB550762200F6A4D00B02908 /* Build configuration list for PBXNativeTarget "Alttex safeUITests" */ = {
			isa = XCConfigurationList;
			buildConfigurations = (
				AB550763200F6A4D00B02908 /* Debug */,
				AB550764200F6A4D00B02908 /* Release */,
			);
			defaultConfigurationIsVisible = 0;
			defaultConfigurationName = Release;
		};
/* End XCConfigurationList section */
	};
	rootObject = AB55072C200F6A4B00B02908 /* Project object */;
}
